github.com/gorilla/mux v1.8.1 h1:TuBL49tXwgrFYWhqrNgrUNEY92u81SPhu7sTdzQEiWY=
github.com/gorilla/mux v1.8.1/go.mod h1:AKf9I4AEqPTmMytcMc0KkNouC66V3BtZ4qD5fmWSiMQ=
github.com/vikram1565/request-ip v0.0.1 h1:OFeRXDJhTuO5/ra4B1nplCs4oXwtXanwSku+JNnkZ/8=
github.com/vikram1565/request-ip v0.0.1/go.mod h1:5zCFpnEAO9ayakDWS7GL/ABLec5FobSTRV9WrgMv5dM=
